# This file was autogenerated by Stack.
# You should not edit this file by hand.
# For more information, please see the documentation at:
#   https://docs.haskellstack.org/en/stable/lock_files

packages:
- completed:
    pantry-tree:
      sha256: 167a1c0b382088f1995e670c6a2888dce203f2e139ca4862f40cfc4522b2cbac
      size: 345
    hackage: hasql-pool-0.7@sha256:12317b83f2dbe48649d5b28461391db40aca4827ba395c224b29631a2886306a,2412
  original:
    hackage: hasql-pool-0.7
snapshots:
- completed:
    sha256: 745db8e7afc79b92e70b0e6325557d2ceddb4661e4123f1e358e475f545fade8
    size: 590826
    url: https://raw.githubusercontent.com/commercialhaskell/stackage-snapshots/master/nightly/2022/6/1.yaml
  original: nightly-2022-06-01
