# This file was autogenerated by Stack.
# You should not edit this file by hand.
# For more information, please see the documentation at:
#   https://docs.haskellstack.org/en/stable/lock_files

packages:
- completed:
    pantry-tree:
      sha256: 8d48bcc50eb912824614f94b5a93c980d00f029206be9b9d1f5b4e513f260ba6
      size: 345
    hackage: hasql-pool-0.6@sha256:ba0d306c5ee3490275697b06460431f2d62dc30768f1f79b2c80ee7bebbd8544,2412
  original:
    hackage: hasql-pool-0.6
snapshots:
- completed:
    sha256: 745db8e7afc79b92e70b0e6325557d2ceddb4661e4123f1e358e475f545fade8
    size: 590826
    url: https://raw.githubusercontent.com/commercialhaskell/stackage-snapshots/master/nightly/2022/6/1.yaml
  original: nightly-2022-06-01
